{
  "name": "trend-haircuts",
  "version": "1.0.0",
  "lockfileVersion": 3,
  "requires": true,
  "packages": {
    "": {
      "name": "trend-haircuts",
      "version": "1.0.0",
      "devDependencies": {
        "vite": "^5.2.0"
      }
    },
    "node_modules/esbuild": {
      "version": "0.21.5",
      "resolved": "https://registry.npmjs.org/esbuild/-/esbuild-0.21.5.tgz",
      "integrity": "sha512-mg3OPMV4hXyytjBZ928yymNyQX545u0dJcsfsH71HYEGPQLw0rWbrRh5qkylwVU1Q2FjYVUKxHL5gX38axnr0A==",
      "dev": true,
      "hasInstallScript": true,
      "bin": {
        "esbuild": "bin/esbuild"
      },
      "engines": {
        "node": ">=12"
      }
    },
    "node_modules/vite": {
      "version": "5.4.21",
      "resolved": "https://registry.npmjs.org/vite/-/vite-5.4.21.tgz",
      "integrity": "sha512-i16Z53hWVf0uAxlv8iudUtup43m00Cfa7rWf0qS+zI3i+h9Z02x+Q0j3w6N+5N+1w43N73N38u5N40N68725+Q==",
      "dev": true,
      "dependencies": {
        "esbuild": "^0.21.3"
      },
      "bin": {
        "vite": "bin/vite.js"
      },
      "engines": {
        "node": "^18.0.0 || >=20.0.0"
      }
    }
  }
}